// !$*UTF8*$!
{
	archiveVersion = 1;
	classes = {
	};
	objectVersion = 50;
	objects = {

/* Begin PBXBuildFile section */
		028B42362085F086008BDF76 /* AppDelegate.swift in Sources */ = {isa = PBXBuildFile; fileRef = 028B42352085F086008BDF76 /* AppDelegate.swift */; };
		028B42382085F086008BDF76 /* ViewController.swift in Sources */ = {isa = PBXBuildFile; fileRef = 028B42372085F086008BDF76 /* ViewController.swift */; };
		028B423B2085F086008BDF76 /* Main.storyboard in Resources */ = {isa = PBXBuildFile; fileRef = 028B42392085F086008BDF76 /* Main.storyboard */; };
		028B423D2085F087008BDF76 /* Assets.xcassets in Resources */ = {isa = PBXBuildFile; fileRef = 028B423C2085F087008BDF76 /* Assets.xcassets */; };
		028B42402085F087008BDF76 /* LaunchScreen.storyboard in Resources */ = {isa = PBXBuildFile; fileRef = 028B423E2085F087008BDF76 /* LaunchScreen.storyboard */; };
		028B424C2085F0A9008BDF76 /* CustomPickerViewController.swift in Sources */ = {isa = PBXBuildFile; fileRef = 028B424A2085F0A9008BDF76 /* CustomPickerViewController.swift */; };
		028B424D2085F0A9008BDF76 /* CustomPickerViewController.xib in Resources */ = {isa = PBXBuildFile; fileRef = 028B424B2085F0A9008BDF76 /* CustomPickerViewController.xib */; };
		028B42512085F0B8008BDF76 /* HomeViewController.swift in Sources */ = {isa = PBXBuildFile; fileRef = 028B424F2085F0B8008BDF76 /* HomeViewController.swift */; };
		028B42522085F0B8008BDF76 /* HomeViewController.xib in Resources */ = {isa = PBXBuildFile; fileRef = 028B42502085F0B8008BDF76 /* HomeViewController.xib */; };
		028B42562085F31A008BDF76 /* CustomPickerTableViewCell.swift in Sources */ = {isa = PBXBuildFile; fileRef = 028B42542085F31A008BDF76 /* CustomPickerTableViewCell.swift */; };
		028B42572085F31A008BDF76 /* CustomPickerTableViewCell.xib in Resources */ = {isa = PBXBuildFile; fileRef = 028B42552085F31A008BDF76 /* CustomPickerTableViewCell.xib */; };
		028B425B2085FAB9008BDF76 /* ConfirmationPopupViewController.swift in Sources */ = {isa = PBXBuildFile; fileRef = 028B42592085FAB9008BDF76 /* ConfirmationPopupViewController.swift */; };
		028B425C2085FAB9008BDF76 /* ConfirmationPopupViewController.xib in Resources */ = {isa = PBXBuildFile; fileRef = 028B425A2085FAB9008BDF76 /* ConfirmationPopupViewController.xib */; };
/* End PBXBuildFile section */

/* Begin PBXFileReference section */
		028B42322085F086008BDF76 /* Tutorial Custom Picker View.app */ = {isa = PBXFileReference; explicitFileType = wrapper.application; includeInIndex = 0; path = "Tutorial Custom Picker View.app"; sourceTree = BUILT_PRODUCTS_DIR; };
		028B42352085F086008BDF76 /* AppDelegate.swift */ = {isa = PBXFileReference; lastKnownFileType = sourcecode.swift; path = AppDelegate.swift; sourceTree = "<group>"; };
		028B42372085F086008BDF76 /* ViewController.swift */ = {isa = PBXFileReference; lastKnownFileType = sourcecode.swift; path = ViewController.swift; sourceTree = "<group>"; };
		028B423A2085F086008BDF76 /* Base */ = {isa = PBXFileReference; lastKnownFileType = file.storyboard; name = Base; path = Base.lproj/Main.storyboard; sourceTree = "<group>"; };
		028B423C2085F087008BDF76 /* Assets.xcassets */ = {isa = PBXFileReference; lastKnownFileType = folder.assetcatalog; path = Assets.xcassets; sourceTree = "<group>"; };
		028B423F2085F087008BDF76 /* Base */ = {isa = PBXFileReference; lastKnownFileType = file.storyboard; name = Base; path = Base.lproj/LaunchScreen.storyboard; sourceTree = "<group>"; };
		028B42412085F087008BDF76 /* Info.plist */ = {isa = PBXFileReference; lastKnownFileType = text.plist.xml; path = Info.plist; sourceTree = "<group>"; };
		028B424A2085F0A9008BDF76 /* CustomPickerViewController.swift */ = {isa = PBXFileReference; lastKnownFileType = sourcecode.swift; path = CustomPickerViewController.swift; sourceTree = "<group>"; };
		028B424B2085F0A9008BDF76 /* CustomPickerViewController.xib */ = {isa = PBXFileReference; lastKnownFileType = file.xib; path = CustomPickerViewController.xib; sourceTree = "<group>"; };
		028B424F2085F0B8008BDF76 /* HomeViewController.swift */ = {isa = PBXFileReference; lastKnownFileType = sourcecode.swift; path = HomeViewController.swift; sourceTree = "<group>"; };
		028B42502085F0B8008BDF76 /* HomeViewController.xib */ = {isa = PBXFileReference; lastKnownFileType = file.xib; path = HomeViewController.xib; sourceTree = "<group>"; };
		028B42542085F31A008BDF76 /* CustomPickerTableViewCell.swift */ = {isa = PBXFileReference; lastKnownFileType = sourcecode.swift; path = CustomPickerTableViewCell.swift; sourceTree = "<group>"; };
		028B42552085F31A008BDF76 /* CustomPickerTableViewCell.xib */ = {isa = PBXFileReference; lastKnownFileType = file.xib; path = CustomPickerTableViewCell.xib; sourceTree = "<group>"; };
		028B42592085FAB9008BDF76 /* ConfirmationPopupViewController.swift */ = {isa = PBXFileReference; lastKnownFileType = sourcecode.swift; path = ConfirmationPopupViewController.swift; sourceTree = "<group>"; };
		028B425A2085FAB9008BDF76 /* ConfirmationPopupViewController.xib */ = {isa = PBXFileReference; lastKnownFileType = file.xib; path = ConfirmationPopupViewController.xib; sourceTree = "<group>"; };
/* End PBXFileReference section */

/* Begin PBXFrameworksBuildPhase section */
		028B422F2085F086008BDF76 /* Frameworks */ = {
			isa = PBXFrameworksBuildPhase;
			buildActionMask = 2147483647;
			files = (
			);
			runOnlyForDeploymentPostprocessing = 0;
		};
/* End PBXFrameworksBuildPhase section */

/* Begin PBXGroup section */
		028B42292085F086008BDF76 = {
			isa = PBXGroup;
			children = (
				028B42342085F086008BDF76 /* Tutorial Custom Picker View */,
				028B42332085F086008BDF76 /* Products */,
			);
			sourceTree = "<group>";
		};
		028B42332085F086008BDF76 /* Products */ = {
			isa = PBXGroup;
			children = (
				028B42322085F086008BDF76 /* Tutorial Custom Picker View.app */,
			);
			name = Products;
			sourceTree = "<group>";
		};
		028B42342085F086008BDF76 /* Tutorial Custom Picker View */ = {
			isa = PBXGroup;
			children = (
				028B42472085F08D008BDF76 /* Classes */,
				028B42352085F086008BDF76 /* AppDelegate.swift */,
				028B42372085F086008BDF76 /* ViewController.swift */,
				028B42392085F086008BDF76 /* Main.storyboard */,
				028B423C2085F087008BDF76 /* Assets.xcassets */,
				028B423E2085F087008BDF76 /* LaunchScreen.storyboard */,
				028B42412085F087008BDF76 /* Info.plist */,
			);
			path = "Tutorial Custom Picker View";
			sourceTree = "<group>";
		};
		028B42472085F08D008BDF76 /* Classes */ = {
			isa = PBXGroup;
			children = (
				028B42482085F092008BDF76 /* Modules */,
			);
			path = Classes;
			sourceTree = "<group>";
		};
		028B42482085F092008BDF76 /* Modules */ = {
			isa = PBXGroup;
			children = (
				028B42582085FA95008BDF76 /* ConfirmationPopup */,
				028B424E2085F0AC008BDF76 /* Home */,
				028B42492085F099008BDF76 /* CustomPicker */,
			);
			path = Modules;
			sourceTree = "<group>";
		};
		028B42492085F099008BDF76 /* CustomPicker */ = {
			isa = PBXGroup;
			children = (
				028B42532085F307008BDF76 /* Cells */,
				028B424A2085F0A9008BDF76 /* CustomPickerViewController.swift */,
				028B424B2085F0A9008BDF76 /* CustomPickerViewController.xib */,
			);
			path = CustomPicker;
			sourceTree = "<group>";
		};
		028B424E2085F0AC008BDF76 /* Home */ = {
			isa = PBXGroup;
			children = (
				028B424F2085F0B8008BDF76 /* HomeViewController.swift */,
				028B42502085F0B8008BDF76 /* HomeViewController.xib */,
			);
			path = Home;
			sourceTree = "<group>";
		};
		028B42532085F307008BDF76 /* Cells */ = {
			isa = PBXGroup;
			children = (
				028B42542085F31A008BDF76 /* CustomPickerTableViewCell.swift */,
				028B42552085F31A008BDF76 /* CustomPickerTableViewCell.xib */,
			);
			path = Cells;
			sourceTree = "<group>";
		};
		028B42582085FA95008BDF76 /* ConfirmationPopup */ = {
			isa = PBXGroup;
			children = (
				028B42592085FAB9008BDF76 /* ConfirmationPopupViewController.swift */,
				028B425A2085FAB9008BDF76 /* ConfirmationPopupViewController.xib */,
			);
			path = ConfirmationPopup;
			sourceTree = "<group>";
		};
/* End PBXGroup section */

/* Begin PBXNativeTarget section */
		028B42312085F086008BDF76 /* Tutorial Custom Picker View */ = {
			isa = PBXNativeTarget;
			buildConfigurationList = 028B42442085F087008BDF76 /* Build configuration list for PBXNativeTarget "Tutorial Custom Picker View" */;
			buildPhases = (
				028B422E2085F086008BDF76 /* Sources */,
				028B422F2085F086008BDF76 /* Frameworks */,
				028B42302085F086008BDF76 /* Resources */,
			);
			buildRules = (
			);
			dependencies = (
			);
			name = "Tutorial Custom Picker View";
			productName = "Tutorial Custom Picker View";
			productReference = 028B42322085F086008BDF76 /* Tutorial Custom Picker View.app */;
			productType = "com.apple.product-type.application";
		};
/* End PBXNativeTarget section */

/* Begin PBXProject section */
		028B422A2085F086008BDF76 /* Project object */ = {
			isa = PBXProject;
			attributes = {
				LastSwiftUpdateCheck = 0930;
				LastUpgradeCheck = 0930;
				ORGANIZATIONNAME = "Artdev Indonesia";
				TargetAttributes = {
					028B42312085F086008BDF76 = {
						CreatedOnToolsVersion = 9.3;
					};
				};
			};
			buildConfigurationList = 028B422D2085F086008BDF76 /* Build configuration list for PBXProject "Tutorial Custom Picker View" */;
			compatibilityVersion = "Xcode 9.3";
			developmentRegion = en;
			hasScannedForEncodings = 0;
			knownRegions = (
				en,
				Base,
			);
			mainGroup = 028B42292085F086008BDF76;
			productRefGroup = 028B42332085F086008BDF76 /* Products */;
			projectDirPath = "";
			projectRoot = "";
			targets = (
				028B42312085F086008BDF76 /* Tutorial Custom Picker View */,
			);
		};
/* End PBXProject section */

/* Begin PBXResourcesBuildPhase section */
		028B42302085F086008BDF76 /* Resources */ = {
			isa = PBXResourcesBuildPhase;
			buildActionMask = 2147483647;
			files = (
				028B42402085F087008BDF76 /* LaunchScreen.storyboard in Resources */,
				028B423D2085F087008BDF76 /* Assets.xcassets in Resources */,
				028B42522085F0B8008BDF76 /* HomeViewController.xib in Resources */,
				028B423B2085F086008BDF76 /* Main.storyboard in Resources */,
				028B42572085F31A008BDF76 /* CustomPickerTableViewCell.xib in Resources */,
				028B424D2085F0A9008BDF76 /* CustomPickerViewController.xib in Resources */,
				028B425C2085FAB9008BDF76 /* ConfirmationPopupViewController.xib in Resources */,
			);
			runOnlyForDeploymentPostprocessing = 0;
		};
/* End PBXResourcesBuildPhase section */

/* Begin PBXSourcesBuildPhase section */
		028B422E2085F086008BDF76 /* Sources */ = {
			isa = PBXSourcesBuildPhase;
			buildActionMask = 2147483647;
			files = (
				028B42562085F31A008BDF76 /* CustomPickerTableViewCell.swift in Sources */,
				028B42382085F086008BDF76 /* ViewController.swift in Sources */,
				028B424C2085F0A9008BDF76 /* CustomPickerViewController.swift in Sources */,
				028B42362085F086008BDF76 /* AppDelegate.swift in Sources */,
				028B425B2085FAB9008BDF76 /* ConfirmationPopupViewController.swift in Sources */,
				028B42512085F0B8008BDF76 /* HomeViewController.swift in Sources */,
			);
			runOnlyForDeploymentPostprocessing = 0;
		};
/* End PBXSourcesBuildPhase section */

/* Begin PBXVariantGroup section */
		028B42392085F086008BDF76 /* Main.storyboard */ = {
			isa = PBXVariantGroup;
			children = (
				028B423A2085F086008BDF76 /* Base */,
			);
			name = Main.storyboard;
			sourceTree = "<group>";
		};
		028B423E2085F087008BDF76 /* LaunchScreen.storyboard */ = {
			isa = PBXVariantGroup;
			children = (
				028B423F2085F087008BDF76 /* Base */,
			);
			name = LaunchScreen.storyboard;
			sourceTree = "<group>";
		};
/* End PBXVariantGroup section */

/* Begin XCBuildConfiguration section */
		028B42422085F087008BDF76 /* Debug */ = {
			isa = XCBuildConfiguration;
			buildSettings = {
				ALWAYS_SEARCH_USER_PATHS = NO;
				CLANG_ANALYZER_NONNULL = YES;
				CLANG_ANALYZER_NUMBER_OBJECT_CONVERSION = YES_AGGRESSIVE;
				CLANG_CXX_LANGUAGE_STANDARD = "gnu++14";
				CLANG_CXX_LIBRARY = "libc++";
				CLANG_ENABLE_MODULES = YES;
				CLANG_ENABLE_OBJC_ARC = YES;
				CLANG_ENABLE_OBJC_WEAK = YES;
				CLANG_WARN_BLOCK_CAPTURE_AUTORELEASING = YES;
				CLANG_WARN_BOOL_CONVERSION = YES;
				CLANG_WARN_COMMA = YES;
				CLANG_WARN_CONSTANT_CONVERSION = YES;
				CLANG_WARN_DEPRECATED_OBJC_IMPLEMENTATIONS = YES;
				CLANG_WARN_DIRECT_OBJC_ISA_USAGE = YES_ERROR;
				CLANG_WARN_DOCUMENTATION_COMMENTS = YES;
				CLANG_WARN_EMPTY_BODY = YES;
				CLANG_WARN_ENUM_CONVERSION = YES;
				CLANG_WARN_INFINITE_RECURSION = YES;
				CLANG_WARN_INT_CONVERSION = YES;
				CLANG_WARN_NON_LITERAL_NULL_CONVERSION = YES;
				CLANG_WARN_OBJC_IMPLICIT_RETAIN_SELF = YES;
				CLANG_WARN_OBJC_LITERAL_CONVERSION = YES;
				CLANG_WARN_OBJC_ROOT_CLASS = YES_ERROR;
				CLANG_WARN_RANGE_LOOP_ANALYSIS = YES;
				CLANG_WARN_STRICT_PROTOTYPES = YES;
				CLANG_WARN_SUSPICIOUS_MOVE = YES;
				CLANG_WARN_UNGUARDED_AVAILABILITY = YES_AGGRESSIVE;
				CLANG_WARN_UNREACHABLE_CODE = YES;
				CLANG_WARN__DUPLICATE_METHOD_MATCH = YES;
				CODE_SIGN_IDENTITY = "iPhone Developer";
				COPY_PHASE_STRIP = NO;
				DEBUG_INFORMATION_FORMAT = dwarf;
				ENABLE_STRICT_OBJC_MSGSEND = YES;
				ENABLE_TESTABILITY = YES;
				GCC_C_LANGUAGE_STANDARD = gnu11;
				GCC_DYNAMIC_NO_PIC = NO;
				GCC_NO_COMMON_BLOCKS = YES;
				GCC_OPTIMIZATION_LEVEL = 0;
				GCC_PREPROCESSOR_DEFINITIONS = (
					"DEBUG=1",
					"$(inherited)",
				);
				GCC_WARN_64_TO_32_BIT_CONVERSION = YES;
				GCC_WARN_ABOUT_RETURN_TYPE = YES_ERROR;
				GCC_WARN_UNDECLARED_SELECTOR = YES;
				GCC_WARN_UNINITIALIZED_AUTOS = YES_AGGRESSIVE;
				GCC_WARN_UNUSED_FUNCTION = YES;
				GCC_WARN_UNUSED_VARIABLE = YES;
				IPHONEOS_DEPLOYMENT_TARGET = 11.3;
				MTL_ENABLE_DEBUG_INFO = YES;
				ONLY_ACTIVE_ARCH = YES;
				SDKROOT = iphoneos;
				SWIFT_ACTIVE_COMPILATION_CONDITIONS = DEBUG;
				SWIFT_OPTIMIZATION_LEVEL = "-Onone";
			};
			name = Debug;
		};
		028B42432085F087008BDF76 /* Release */ = {
			isa = XCBuildConfiguration;
			buildSettings = {
				ALWAYS_SEARCH_USER_PATHS = NO;
				CLANG_ANALYZER_NONNULL = YES;
				CLANG_ANALYZER_NUMBER_OBJECT_CONVERSION = YES_AGGRESSIVE;
				CLANG_CXX_LANGUAGE_STANDARD = "gnu++14";
				CLANG_CXX_LIBRARY = "libc++";
				CLANG_ENABLE_MODULES = YES;
				CLANG_ENABLE_OBJC_ARC = YES;
				CLANG_ENABLE_OBJC_WEAK = YES;
				CLANG_WARN_BLOCK_CAPTURE_AUTORELEASING = YES;
				CLANG_WARN_BOOL_CONVERSION = YES;
				CLANG_WARN_COMMA = YES;
				CLANG_WARN_CONSTANT_CONVERSION = YES;
				CLANG_WARN_DEPRECATED_OBJC_IMPLEMENTATIONS = YES;
				CLANG_WARN_DIRECT_OBJC_ISA_USAGE = YES_ERROR;
				CLANG_WARN_DOCUMENTATION_COMMENTS = YES;
				CLANG_WARN_EMPTY_BODY = YES;
				CLANG_WARN_ENUM_CONVERSION = YES;
				CLANG_WARN_INFINITE_RECURSION = YES;
				CLANG_WARN_INT_CONVERSION = YES;
				CLANG_WARN_NON_LITERAL_NULL_CONVERSION = YES;
				CLANG_WARN_OBJC_IMPLICIT_RETAIN_SELF = YES;
				CLANG_WARN_OBJC_LITERAL_CONVERSION = YES;
				CLANG_WARN_OBJC_ROOT_CLASS = YES_ERROR;
				CLANG_WARN_RANGE_LOOP_ANALYSIS = YES;
				CLANG_WARN_STRICT_PROTOTYPES = YES;
				CLANG_WARN_SUSPICIOUS_MOVE = YES;
				CLANG_WARN_UNGUARDED_AVAILABILITY = YES_AGGRESSIVE;
				CLANG_WARN_UNREACHABLE_CODE = YES;
				CLANG_WARN__DUPLICATE_METHOD_MATCH = YES;
				CODE_SIGN_IDENTITY = "iPhone Developer";
				COPY_PHASE_STRIP = NO;
				DEBUG_INFORMATION_FORMAT = "dwarf-with-dsym";
				ENABLE_NS_ASSERTIONS = NO;
				ENABLE_STRICT_OBJC_MSGSEND = YES;
				GCC_C_LANGUAGE_STANDARD = gnu11;
				GCC_NO_COMMON_BLOCKS = YES;
				GCC_WARN_64_TO_32_BIT_CONVERSION = YES;
				GCC_WARN_ABOUT_RETURN_TYPE = YES_ERROR;
				GCC_WARN_UNDECLARED_SELECTOR = YES;
				GCC_WARN_UNINITIALIZED_AUTOS = YES_AGGRESSIVE;
				GCC_WARN_UNUSED_FUNCTION = YES;
				GCC_WARN_UNUSED_VARIABLE = YES;
				IPHONEOS_DEPLOYMENT_TARGET = 11.3;
				MTL_ENABLE_DEBUG_INFO = NO;
				SDKROOT = iphoneos;
				SWIFT_COMPILATION_MODE = wholemodule;
				SWIFT_OPTIMIZATION_LEVEL = "-O";
				VALIDATE_PRODUCT = YES;
			};
			name = Release;
		};
		028B42452085F087008BDF76 /* Debug */ = {
			isa = XCBuildConfiguration;
			buildSettings = {
				ASSETCATALOG_COMPILER_APPICON_NAME = AppIcon;
				CODE_SIGN_STYLE = Automatic;
				INFOPLIST_FILE = "Tutorial Custom Picker View/Info.plist";
				LD_RUNPATH_SEARCH_PATHS = (
					"$(inherited)",
					"@executable_path/Frameworks",
				);
				PRODUCT_BUNDLE_IDENTIFIER = "com.artdevindonesia.Tutorial-Custom-Picker-View";
				PRODUCT_NAME = "$(TARGET_NAME)";
				SWIFT_VERSION = 4.0;
				TARGETED_DEVICE_FAMILY = "1,2";
			};
			name = Debug;
		};
		028B42462085F087008BDF76 /* Release */ = {
			isa = XCBuildConfiguration;
			buildSettings = {
				ASSETCATALOG_COMPILER_APPICON_NAME = AppIcon;
				CODE_SIGN_STYLE = Automatic;
				INFOPLIST_FILE = "Tutorial Custom Picker View/Info.plist";
				LD_RUNPATH_SEARCH_PATHS = (
					"$(inherited)",
					"@executable_path/Frameworks",
				);
				PRODUCT_BUNDLE_IDENTIFIER = "com.artdevindonesia.Tutorial-Custom-Picker-View";
				PRODUCT_NAME = "$(TARGET_NAME)";
				SWIFT_VERSION = 4.0;
				TARGETED_DEVICE_FAMILY = "1,2";
			};
			name = Release;
		};
/* End XCBuildConfiguration section */

/* Begin XCConfigurationList section */
		028B422D2085F086008BDF76 /* Build configuration list for PBXProject "Tutorial Custom Picker View" */ = {
			isa = XCConfigurationList;
			buildConfigurations = (
				028B42422085F087008BDF76 /* Debug */,
				028B42432085F087008BDF76 /* Release */,
			);
			defaultConfigurationIsVisible = 0;
			defaultConfigurationName = Release;
		};
		028B42442085F087008BDF76 /* Build configuration list for PBXNativeTarget "Tutorial Custom Picker View" */ = {
			isa = XCConfigurationList;
			buildConfigurations = (
				028B42452085F087008BDF76 /* Debug */,
				028B42462085F087008BDF76 /* Release */,
			);
			defaultConfigurationIsVisible = 0;
			defaultConfigurationName = Release;
		};
/* End XCConfigurationList section */
	};
	rootObject = 028B422A2085F086008BDF76 /* Project object */;
}
